// !$*UTF8*$!
{
	archiveVersion = 1;
	classes = {
	};
	objectVersion = 46;
	objects = {

/* Begin PBXBuildFile section */
		35853128725C4A386E0F7477 /* Pods.framework in Frameworks */ = {isa = PBXBuildFile; fileRef = AE1D14D6C2B4D90C8BECB09D /* Pods.framework */; settings = {ATTRIBUTES = (Weak, ); }; };
		9C0187271A9E8B2C00A83296 /* AppDelegate.swift in Sources */ = {isa = PBXBuildFile; fileRef = 9C0187261A9E8B2C00A83296 /* AppDelegate.swift */; };
		9C0187291A9E8B2C00A83296 /* ViewController.swift in Sources */ = {isa = PBXBuildFile; fileRef = 9C0187281A9E8B2C00A83296 /* ViewController.swift */; };
		9C01872C1A9E8B2C00A83296 /* Main.storyboard in Resources */ = {isa = PBXBuildFile; fileRef = 9C01872A1A9E8B2C00A83296 /* Main.storyboard */; };
		9C01872E1A9E8B2C00A83296 /* Images.xcassets in Resources */ = {isa = PBXBuildFile; fileRef = 9C01872D1A9E8B2C00A83296 /* Images.xcassets */; };
		9C0187311A9E8B2C00A83296 /* LaunchScreen.xib in Resources */ = {isa = PBXBuildFile; fileRef = 9C01872F1A9E8B2C00A83296 /* LaunchScreen.xib */; };
		9C01873D1A9E8B2C00A83296 /* quizmeTests.swift in Sources */ = {isa = PBXBuildFile; fileRef = 9C01873C1A9E8B2C00A83296 /* quizmeTests.swift */; };
		9C0187551A9E8DB900A83296 /* airplane.gif in Resources */ = {isa = PBXBuildFile; fileRef = 9C0187491A9E8DB900A83296 /* airplane.gif */; };
		9C0187561A9E8DB900A83296 /* barn.gif in Resources */ = {isa = PBXBuildFile; fileRef = 9C01874A1A9E8DB900A83296 /* barn.gif */; };
		9C0187571A9E8DB900A83296 /* cherry.gif in Resources */ = {isa = PBXBuildFile; fileRef = 9C01874B1A9E8DB900A83296 /* cherry.gif */; };
		9C0187581A9E8DB900A83296 /* cup.gif in Resources */ = {isa = PBXBuildFile; fileRef = 9C01874C1A9E8DB900A83296 /* cup.gif */; };
		9C0187591A9E8DB900A83296 /* duck.gif in Resources */ = {isa = PBXBuildFile; fileRef = 9C01874D1A9E8DB900A83296 /* duck.gif */; };
		9C01875A1A9E8DB900A83296 /* hanger.gif in Resources */ = {isa = PBXBuildFile; fileRef = 9C01874E1A9E8DB900A83296 /* hanger.gif */; };
		9C01875B1A9E8DB900A83296 /* horse.gif in Resources */ = {isa = PBXBuildFile; fileRef = 9C01874F1A9E8DB900A83296 /* horse.gif */; };
		9C01875C1A9E8DB900A83296 /* kangaroo.gif in Resources */ = {isa = PBXBuildFile; fileRef = 9C0187501A9E8DB900A83296 /* kangaroo.gif */; };
		9C01875D1A9E8DB900A83296 /* podium.gif in Resources */ = {isa = PBXBuildFile; fileRef = 9C0187511A9E8DB900A83296 /* podium.gif */; };
		9C01875E1A9E8DB900A83296 /* pretzel.gif in Resources */ = {isa = PBXBuildFile; fileRef = 9C0187521A9E8DB900A83296 /* pretzel.gif */; };
		9C01875F1A9E8DB900A83296 /* pyramid.gif in Resources */ = {isa = PBXBuildFile; fileRef = 9C0187531A9E8DB900A83296 /* pyramid.gif */; };
		9C0187601A9E8DB900A83296 /* robber.gif in Resources */ = {isa = PBXBuildFile; fileRef = 9C0187541A9E8DB900A83296 /* robber.gif */; };
		9C0187621A9E93BD00A83296 /* bicycle-05.jpg in Resources */ = {isa = PBXBuildFile; fileRef = 9C0187611A9E93BD00A83296 /* bicycle-05.jpg */; };
		9C0187641A9EA27300A83296 /* quiz.swift in Sources */ = {isa = PBXBuildFile; fileRef = 9C0187631A9EA27300A83296 /* quiz.swift */; };
		9C0187661A9EA56900A83296 /* Elliott_Murray_SML.jpg in Resources */ = {isa = PBXBuildFile; fileRef = 9C0187651A9EA56900A83296 /* Elliott_Murray_SML.jpg */; };
		9C0187681A9EA63100A83296 /* EM.jpg in Resources */ = {isa = PBXBuildFile; fileRef = 9C0187671A9EA63100A83296 /* EM.jpg */; };
		9C0DF5E01A9EB64700A42DB2 /* httpQuiz.swift in Sources */ = {isa = PBXBuildFile; fileRef = 9C0DF5DF1A9EB64700A42DB2 /* httpQuiz.swift */; };
		9C0DF5E41A9ED2D700A42DB2 /* LanguageController.swift in Sources */ = {isa = PBXBuildFile; fileRef = 9C0DF5E31A9ED2D700A42DB2 /* LanguageController.swift */; };
		9C0DF5E91A9ED92200A42DB2 /* italian.jpg in Resources */ = {isa = PBXBuildFile; fileRef = 9C0DF5E51A9ED92200A42DB2 /* italian.jpg */; };
		9C0DF5EA1A9ED92200A42DB2 /* france.png in Resources */ = {isa = PBXBuildFile; fileRef = 9C0DF5E61A9ED92200A42DB2 /* france.png */; };
		9C0DF5EB1A9ED92200A42DB2 /* dius.png in Resources */ = {isa = PBXBuildFile; fileRef = 9C0DF5E71A9ED92200A42DB2 /* dius.png */; };
		9C0DF5EC1A9ED92200A42DB2 /* germany.png in Resources */ = {isa = PBXBuildFile; fileRef = 9C0DF5E81A9ED92200A42DB2 /* germany.png */; };
/* End PBXBuildFile section */

/* Begin PBXContainerItemProxy section */
		9C0187371A9E8B2C00A83296 /* PBXContainerItemProxy */ = {
			isa = PBXContainerItemProxy;
			containerPortal = 9C0187191A9E8B2B00A83296 /* Project object */;
			proxyType = 1;
			remoteGlobalIDString = 9C0187201A9E8B2C00A83296;
			remoteInfo = quizme;
		};
/* End PBXContainerItemProxy section */

/* Begin PBXFileReference section */
		561C33AA5AAFD6B8F48D7CDD /* Pods.release.xcconfig */ = {isa = PBXFileReference; includeInIndex = 1; lastKnownFileType = text.xcconfig; name = Pods.release.xcconfig; path = "Pods/Target Support Files/Pods/Pods.release.xcconfig"; sourceTree = "<group>"; };
		92AE47C6F016E40F07B7A763 /* Pods.debug.xcconfig */ = {isa = PBXFileReference; includeInIndex = 1; lastKnownFileType = text.xcconfig; name = Pods.debug.xcconfig; path = "Pods/Target Support Files/Pods/Pods.debug.xcconfig"; sourceTree = "<group>"; };
		9C0187211A9E8B2C00A83296 /* quizme.app */ = {isa = PBXFileReference; explicitFileType = wrapper.application; includeInIndex = 0; path = quizme.app; sourceTree = BUILT_PRODUCTS_DIR; };
		9C0187251A9E8B2C00A83296 /* Info.plist */ = {isa = PBXFileReference; lastKnownFileType = text.plist.xml; path = Info.plist; sourceTree = "<group>"; };
		9C0187261A9E8B2C00A83296 /* AppDelegate.swift */ = {isa = PBXFileReference; lastKnownFileType = sourcecode.swift; path = AppDelegate.swift; sourceTree = "<group>"; };
		9C0187281A9E8B2C00A83296 /* ViewController.swift */ = {isa = PBXFileReference; lastKnownFileType = sourcecode.swift; path = ViewController.swift; sourceTree = "<group>"; };
		9C01872B1A9E8B2C00A83296 /* Base */ = {isa = PBXFileReference; lastKnownFileType = file.storyboard; name = Base; path = Base.lproj/Main.storyboard; sourceTree = "<group>"; };
		9C01872D1A9E8B2C00A83296 /* Images.xcassets */ = {isa = PBXFileReference; lastKnownFileType = folder.assetcatalog; path = Images.xcassets; sourceTree = "<group>"; };
		9C0187301A9E8B2C00A83296 /* Base */ = {isa = PBXFileReference; lastKnownFileType = file.xib; name = Base; path = Base.lproj/LaunchScreen.xib; sourceTree = "<group>"; };
		9C0187361A9E8B2C00A83296 /* quizmeTests.xctest */ = {isa = PBXFileReference; explicitFileType = wrapper.cfbundle; includeInIndex = 0; path = quizmeTests.xctest; sourceTree = BUILT_PRODUCTS_DIR; };
		9C01873B1A9E8B2C00A83296 /* Info.plist */ = {isa = PBXFileReference; lastKnownFileType = text.plist.xml; path = Info.plist; sourceTree = "<group>"; };
		9C01873C1A9E8B2C00A83296 /* quizmeTests.swift */ = {isa = PBXFileReference; lastKnownFileType = sourcecode.swift; path = quizmeTests.swift; sourceTree = "<group>"; };
		9C0187491A9E8DB900A83296 /* airplane.gif */ = {isa = PBXFileReference; lastKnownFileType = image.gif; path = airplane.gif; sourceTree = "<group>"; };
		9C01874A1A9E8DB900A83296 /* barn.gif */ = {isa = PBXFileReference; lastKnownFileType = image.gif; path = barn.gif; sourceTree = "<group>"; };
		9C01874B1A9E8DB900A83296 /* cherry.gif */ = {isa = PBXFileReference; lastKnownFileType = image.gif; path = cherry.gif; sourceTree = "<group>"; };
		9C01874C1A9E8DB900A83296 /* cup.gif */ = {isa = PBXFileReference; lastKnownFileType = image.gif; path = cup.gif; sourceTree = "<group>"; };
		9C01874D1A9E8DB900A83296 /* duck.gif */ = {isa = PBXFileReference; lastKnownFileType = image.gif; path = duck.gif; sourceTree = "<group>"; };
		9C01874E1A9E8DB900A83296 /* hanger.gif */ = {isa = PBXFileReference; lastKnownFileType = image.gif; path = hanger.gif; sourceTree = "<group>"; };
		9C01874F1A9E8DB900A83296 /* horse.gif */ = {isa = PBXFileReference; lastKnownFileType = image.gif; path = horse.gif; sourceTree = "<group>"; };
		9C0187501A9E8DB900A83296 /* kangaroo.gif */ = {isa = PBXFileReference; lastKnownFileType = image.gif; path = kangaroo.gif; sourceTree = "<group>"; };
		9C0187511A9E8DB900A83296 /* podium.gif */ = {isa = PBXFileReference; lastKnownFileType = image.gif; path = podium.gif; sourceTree = "<group>"; };
		9C0187521A9E8DB900A83296 /* pretzel.gif */ = {isa = PBXFileReference; lastKnownFileType = image.gif; path = pretzel.gif; sourceTree = "<group>"; };
		9C0187531A9E8DB900A83296 /* pyramid.gif */ = {isa = PBXFileReference; lastKnownFileType = image.gif; path = pyramid.gif; sourceTree = "<group>"; };
		9C0187541A9E8DB900A83296 /* robber.gif */ = {isa = PBXFileReference; lastKnownFileType = image.gif; path = robber.gif; sourceTree = "<group>"; };
		9C0187611A9E93BD00A83296 /* bicycle-05.jpg */ = {isa = PBXFileReference; lastKnownFileType = image.jpeg; path = "bicycle-05.jpg"; sourceTree = "<group>"; };
		9C0187631A9EA27300A83296 /* quiz.swift */ = {isa = PBXFileReference; fileEncoding = 4; lastKnownFileType = sourcecode.swift; path = quiz.swift; sourceTree = "<group>"; };
		9C0187651A9EA56900A83296 /* Elliott_Murray_SML.jpg */ = {isa = PBXFileReference; lastKnownFileType = image.jpeg; path = Elliott_Murray_SML.jpg; sourceTree = "<group>"; };
		9C0187671A9EA63100A83296 /* EM.jpg */ = {isa = PBXFileReference; lastKnownFileType = image.jpeg; path = EM.jpg; sourceTree = "<group>"; };
		9C0DF5DF1A9EB64700A42DB2 /* httpQuiz.swift */ = {isa = PBXFileReference; fileEncoding = 4; lastKnownFileType = sourcecode.swift; path = httpQuiz.swift; sourceTree = "<group>"; };
		9C0DF5E31A9ED2D700A42DB2 /* LanguageController.swift */ = {isa = PBXFileReference; fileEncoding = 4; lastKnownFileType = sourcecode.swift; path = LanguageController.swift; sourceTree = "<group>"; };
		9C0DF5E51A9ED92200A42DB2 /* italian.jpg */ = {isa = PBXFileReference; lastKnownFileType = image.jpeg; path = italian.jpg; sourceTree = "<group>"; };
		9C0DF5E61A9ED92200A42DB2 /* france.png */ = {isa = PBXFileReference; lastKnownFileType = image.png; path = france.png; sourceTree = "<group>"; };
		9C0DF5E71A9ED92200A42DB2 /* dius.png */ = {isa = PBXFileReference; lastKnownFileType = image.png; path = dius.png; sourceTree = "<group>"; };
		9C0DF5E81A9ED92200A42DB2 /* germany.png */ = {isa = PBXFileReference; lastKnownFileType = image.png; path = germany.png; sourceTree = "<group>"; };
		AE1D14D6C2B4D90C8BECB09D /* Pods.framework */ = {isa = PBXFileReference; explicitFileType = wrapper.framework; includeInIndex = 0; path = Pods.framework; sourceTree = BUILT_PRODUCTS_DIR; };
/* End PBXFileReference section */

/* Begin PBXFrameworksBuildPhase section */
		9C01871E1A9E8B2C00A83296 /* Frameworks */ = {
			isa = PBXFrameworksBuildPhase;
			buildActionMask = 2147483647;
			files = (
				35853128725C4A386E0F7477 /* Pods.framework in Frameworks */,
			);
			runOnlyForDeploymentPostprocessing = 0;
		};
		9C0187331A9E8B2C00A83296 /* Frameworks */ = {
			isa = PBXFrameworksBuildPhase;
			buildActionMask = 2147483647;
			files = (
			);
			runOnlyForDeploymentPostprocessing = 0;
		};
/* End PBXFrameworksBuildPhase section */

/* Begin PBXGroup section */
		1665D2708A1BACB005EA669F /* Pods */ = {
			isa = PBXGroup;
			children = (
				92AE47C6F016E40F07B7A763 /* Pods.debug.xcconfig */,
				561C33AA5AAFD6B8F48D7CDD /* Pods.release.xcconfig */,
			);
			name = Pods;
			sourceTree = "<group>";
		};
		73ED9EFEEA849BFC30042F3B /* Frameworks */ = {
			isa = PBXGroup;
			children = (
				AE1D14D6C2B4D90C8BECB09D /* Pods.framework */,
			);
			name = Frameworks;
			sourceTree = "<group>";
		};
		9C0187181A9E8B2B00A83296 = {
			isa = PBXGroup;
			children = (
				9C0187231A9E8B2C00A83296 /* quizme */,
				9C0187391A9E8B2C00A83296 /* quizmeTests */,
				9C0187221A9E8B2C00A83296 /* Products */,
				1665D2708A1BACB005EA669F /* Pods */,
				73ED9EFEEA849BFC30042F3B /* Frameworks */,
			);
			sourceTree = "<group>";
		};
		9C0187221A9E8B2C00A83296 /* Products */ = {
			isa = PBXGroup;
			children = (
				9C0187211A9E8B2C00A83296 /* quizme.app */,
				9C0187361A9E8B2C00A83296 /* quizmeTests.xctest */,
			);
			name = Products;
			sourceTree = "<group>";
		};
		9C0187231A9E8B2C00A83296 /* quizme */ = {
			isa = PBXGroup;
			children = (
				9C0187461A9E8B3600A83296 /* images */,
				9C0187261A9E8B2C00A83296 /* AppDelegate.swift */,
				9C0187281A9E8B2C00A83296 /* ViewController.swift */,
				9C01872A1A9E8B2C00A83296 /* Main.storyboard */,
				9C01872D1A9E8B2C00A83296 /* Images.xcassets */,
				9C01872F1A9E8B2C00A83296 /* LaunchScreen.xib */,
				9C0187241A9E8B2C00A83296 /* Supporting Files */,
				9C0187631A9EA27300A83296 /* quiz.swift */,
				9C0DF5DF1A9EB64700A42DB2 /* httpQuiz.swift */,
				9C0DF5E31A9ED2D700A42DB2 /* LanguageController.swift */,
			);
			path = quizme;
			sourceTree = "<group>";
		};
		9C0187241A9E8B2C00A83296 /* Supporting Files */ = {
			isa = PBXGroup;
			children = (
				9C0187251A9E8B2C00A83296 /* Info.plist */,
			);
			name = "Supporting Files";
			sourceTree = "<group>";
		};
		9C0187391A9E8B2C00A83296 /* quizmeTests */ = {
			isa = PBXGroup;
			children = (
				9C01873C1A9E8B2C00A83296 /* quizmeTests.swift */,
				9C01873A1A9E8B2C00A83296 /* Supporting Files */,
			);
			path = quizmeTests;
			sourceTree = "<group>";
		};
		9C01873A1A9E8B2C00A83296 /* Supporting Files */ = {
			isa = PBXGroup;
			children = (
				9C01873B1A9E8B2C00A83296 /* Info.plist */,
			);
			name = "Supporting Files";
			sourceTree = "<group>";
		};
		9C0187461A9E8B3600A83296 /* images */ = {
			isa = PBXGroup;
			children = (
				9C0DF5E51A9ED92200A42DB2 /* italian.jpg */,
				9C0DF5E61A9ED92200A42DB2 /* france.png */,
				9C0DF5E71A9ED92200A42DB2 /* dius.png */,
				9C0DF5E81A9ED92200A42DB2 /* germany.png */,
				9C0187671A9EA63100A83296 /* EM.jpg */,
				9C0187651A9EA56900A83296 /* Elliott_Murray_SML.jpg */,
				9C0187611A9E93BD00A83296 /* bicycle-05.jpg */,
				9C0187491A9E8DB900A83296 /* airplane.gif */,
				9C01874A1A9E8DB900A83296 /* barn.gif */,
				9C01874B1A9E8DB900A83296 /* cherry.gif */,
				9C01874C1A9E8DB900A83296 /* cup.gif */,
				9C01874D1A9E8DB900A83296 /* duck.gif */,
				9C01874E1A9E8DB900A83296 /* hanger.gif */,
				9C01874F1A9E8DB900A83296 /* horse.gif */,
				9C0187501A9E8DB900A83296 /* kangaroo.gif */,
				9C0187511A9E8DB900A83296 /* podium.gif */,
				9C0187521A9E8DB900A83296 /* pretzel.gif */,
				9C0187531A9E8DB900A83296 /* pyramid.gif */,
				9C0187541A9E8DB900A83296 /* robber.gif */,
			);
			name = images;
			sourceTree = "<group>";
		};
/* End PBXGroup section */

/* Begin PBXNativeTarget section */
		9C0187201A9E8B2C00A83296 /* quizme */ = {
			isa = PBXNativeTarget;
			buildConfigurationList = 9C0187401A9E8B2C00A83296 /* Build configuration list for PBXNativeTarget "quizme" */;
			buildPhases = (
				80AA3F3D9A674A2B48D20588 /* Check Pods Manifest.lock */,
				9C01871D1A9E8B2C00A83296 /* Sources */,
				9C01871E1A9E8B2C00A83296 /* Frameworks */,
				9C01871F1A9E8B2C00A83296 /* Resources */,
				980BF9E85979FB32628AEC4D /* Embed Pods Frameworks */,
				9C831153F06A85F6911D0EB2 /* Copy Pods Resources */,
			);
			buildRules = (
			);
			dependencies = (
			);
			name = quizme;
			productName = quizme;
			productReference = 9C0187211A9E8B2C00A83296 /* quizme.app */;
			productType = "com.apple.product-type.application";
		};
		9C0187351A9E8B2C00A83296 /* quizmeTests */ = {
			isa = PBXNativeTarget;
			buildConfigurationList = 9C0187431A9E8B2C00A83296 /* Build configuration list for PBXNativeTarget "quizmeTests" */;
			buildPhases = (
				9C0187321A9E8B2C00A83296 /* Sources */,
				9C0187331A9E8B2C00A83296 /* Frameworks */,
				9C0187341A9E8B2C00A83296 /* Resources */,
			);
			buildRules = (
			);
			dependencies = (
				9C0187381A9E8B2C00A83296 /* PBXTargetDependency */,
			);
			name = quizmeTests;
			productName = quizmeTests;
			productReference = 9C0187361A9E8B2C00A83296 /* quizmeTests.xctest */;
			productType = "com.apple.product-type.bundle.unit-test";
		};
/* End PBXNativeTarget section */

/* Begin PBXProject section */
		9C0187191A9E8B2B00A83296 /* Project object */ = {
			isa = PBXProject;
			attributes = {
				LastUpgradeCheck = 0610;
				ORGANIZATIONNAME = dius;
				TargetAttributes = {
					9C0187201A9E8B2C00A83296 = {
						CreatedOnToolsVersion = 6.1.1;
					};
					9C0187351A9E8B2C00A83296 = {
						CreatedOnToolsVersion = 6.1.1;
						TestTargetID = 9C0187201A9E8B2C00A83296;
					};
				};
			};
			buildConfigurationList = 9C01871C1A9E8B2B00A83296 /* Build configuration list for PBXProject "quizme" */;
			compatibilityVersion = "Xcode 3.2";
			developmentRegion = English;
			hasScannedForEncodings = 0;
			knownRegions = (
				en,
				Base,
			);
			mainGroup = 9C0187181A9E8B2B00A83296;
			productRefGroup = 9C0187221A9E8B2C00A83296 /* Products */;
			projectDirPath = "";
			projectRoot = "";
			targets = (
				9C0187201A9E8B2C00A83296 /* quizme */,
				9C0187351A9E8B2C00A83296 /* quizmeTests */,
			);
		};
/* End PBXProject section */

/* Begin PBXResourcesBuildPhase section */
		9C01871F1A9E8B2C00A83296 /* Resources */ = {
			isa = PBXResourcesBuildPhase;
			buildActionMask = 2147483647;
			files = (
				9C0DF5EA1A9ED92200A42DB2 /* france.png in Resources */,
				9C01872C1A9E8B2C00A83296 /* Main.storyboard in Resources */,
				9C0187681A9EA63100A83296 /* EM.jpg in Resources */,
				9C0DF5E91A9ED92200A42DB2 /* italian.jpg in Resources */,
				9C01875E1A9E8DB900A83296 /* pretzel.gif in Resources */,
				9C0DF5EB1A9ED92200A42DB2 /* dius.png in Resources */,
				9C0187661A9EA56900A83296 /* Elliott_Murray_SML.jpg in Resources */,
				9C0187561A9E8DB900A83296 /* barn.gif in Resources */,
				9C01875D1A9E8DB900A83296 /* podium.gif in Resources */,
				9C0187551A9E8DB900A83296 /* airplane.gif in Resources */,
				9C0187581A9E8DB900A83296 /* cup.gif in Resources */,
				9C0187311A9E8B2C00A83296 /* LaunchScreen.xib in Resources */,
				9C01875B1A9E8DB900A83296 /* horse.gif in Resources */,
				9C0DF5EC1A9ED92200A42DB2 /* germany.png in Resources */,
				9C01875F1A9E8DB900A83296 /* pyramid.gif in Resources */,
				9C0187601A9E8DB900A83296 /* robber.gif in Resources */,
				9C0187621A9E93BD00A83296 /* bicycle-05.jpg in Resources */,
				9C01872E1A9E8B2C00A83296 /* Images.xcassets in Resources */,
				9C01875A1A9E8DB900A83296 /* hanger.gif in Resources */,
				9C0187591A9E8DB900A83296 /* duck.gif in Resources */,
				9C01875C1A9E8DB900A83296 /* kangaroo.gif in Resources */,
				9C0187571A9E8DB900A83296 /* cherry.gif in Resources */,
			);
			runOnlyForDeploymentPostprocessing = 0;
		};
		9C0187341A9E8B2C00A83296 /* Resources */ = {
			isa = PBXResourcesBuildPhase;
			buildActionMask = 2147483647;
			files = (
			);
			runOnlyForDeploymentPostprocessing = 0;
		};
/* End PBXResourcesBuildPhase section */

/* Begin PBXShellScriptBuildPhase section */
		80AA3F3D9A674A2B48D20588 /* Check Pods Manifest.lock */ = {
			isa = PBXShellScriptBuildPhase;
			buildActionMask = 2147483647;
			files = (
			);
			inputPaths = (
			);
			name = "Check Pods Manifest.lock";
			outputPaths = (
			);
			runOnlyForDeploymentPostprocessing = 0;
			shellPath = /bin/sh;
			shellScript = "diff \"${PODS_ROOT}/../Podfile.lock\" \"${PODS_ROOT}/Manifest.lock\" > /dev/null\nif [[ $? != 0 ]] ; then\n    cat << EOM\nerror: The sandbox is not in sync with the Podfile.lock. Run 'pod install' or update your CocoaPods installation.\nEOM\n    exit 1\nfi\n";
			showEnvVarsInLog = 0;
		};
		980BF9E85979FB32628AEC4D /* Embed Pods Frameworks */ = {
			isa = PBXShellScriptBuildPhase;
			buildActionMask = 2147483647;
			files = (
			);
			inputPaths = (
			);
			name = "Embed Pods Frameworks";
			outputPaths = (
			);
			runOnlyForDeploymentPostprocessing = 0;
			shellPath = /bin/sh;
			shellScript = "\"${SRCROOT}/Pods/Target Support Files/Pods/Pods-frameworks.sh\"\n";
			showEnvVarsInLog = 0;
		};
		9C831153F06A85F6911D0EB2 /* Copy Pods Resources */ = {
			isa = PBXShellScriptBuildPhase;
			buildActionMask = 2147483647;
			files = (
			);
			inputPaths = (
			);
			name = "Copy Pods Resources";
			outputPaths = (
			);
			runOnlyForDeploymentPostprocessing = 0;
			shellPath = /bin/sh;
			shellScript = "\"${SRCROOT}/Pods/Target Support Files/Pods/Pods-resources.sh\"\n";
			showEnvVarsInLog = 0;
		};
/* End PBXShellScriptBuildPhase section */

/* Begin PBXSourcesBuildPhase section */
		9C01871D1A9E8B2C00A83296 /* Sources */ = {
			isa = PBXSourcesBuildPhase;
			buildActionMask = 2147483647;
			files = (
				9C0187291A9E8B2C00A83296 /* ViewController.swift in Sources */,
				9C0187271A9E8B2C00A83296 /* AppDelegate.swift in Sources */,
				9C0DF5E41A9ED2D700A42DB2 /* LanguageController.swift in Sources */,
				9C0DF5E01A9EB64700A42DB2 /* httpQuiz.swift in Sources */,
				9C0187641A9EA27300A83296 /* quiz.swift in Sources */,
			);
			runOnlyForDeploymentPostprocessing = 0;
		};
		9C0187321A9E8B2C00A83296 /* Sources */ = {
			isa = PBXSourcesBuildPhase;
			buildActionMask = 2147483647;
			files = (
				9C01873D1A9E8B2C00A83296 /* quizmeTests.swift in Sources */,
			);
			runOnlyForDeploymentPostprocessing = 0;
		};
/* End PBXSourcesBuildPhase section */

/* Begin PBXTargetDependency section */
		9C0187381A9E8B2C00A83296 /* PBXTargetDependency */ = {
			isa = PBXTargetDependency;
			target = 9C0187201A9E8B2C00A83296 /* quizme */;
			targetProxy = 9C0187371A9E8B2C00A83296 /* PBXContainerItemProxy */;
		};
/* End PBXTargetDependency section */

/* Begin PBXVariantGroup section */
		9C01872A1A9E8B2C00A83296 /* Main.storyboard */ = {
			isa = PBXVariantGroup;
			children = (
				9C01872B1A9E8B2C00A83296 /* Base */,
			);
			name = Main.storyboard;
			sourceTree = "<group>";
		};
		9C01872F1A9E8B2C00A83296 /* LaunchScreen.xib */ = {
			isa = PBXVariantGroup;
			children = (
				9C0187301A9E8B2C00A83296 /* Base */,
			);
			name = LaunchScreen.xib;
			sourceTree = "<group>";
		};
/* End PBXVariantGroup section */

/* Begin XCBuildConfiguration section */
		9C01873E1A9E8B2C00A83296 /* Debug */ = {
			isa = XCBuildConfiguration;
			buildSettings = {
				ALWAYS_SEARCH_USER_PATHS = NO;
				CLANG_CXX_LANGUAGE_STANDARD = "gnu++0x";
				CLANG_CXX_LIBRARY = "libc++";
				CLANG_ENABLE_MODULES = YES;
				CLANG_ENABLE_OBJC_ARC = YES;
				CLANG_WARN_BOOL_CONVERSION = YES;
				CLANG_WARN_CONSTANT_CONVERSION = YES;
				CLANG_WARN_DIRECT_OBJC_ISA_USAGE = YES_ERROR;
				CLANG_WARN_EMPTY_BODY = YES;
				CLANG_WARN_ENUM_CONVERSION = YES;
				CLANG_WARN_INT_CONVERSION = YES;
				CLANG_WARN_OBJC_ROOT_CLASS = YES_ERROR;
				CLANG_WARN_UNREACHABLE_CODE = YES;
				CLANG_WARN__DUPLICATE_METHOD_MATCH = YES;
				"CODE_SIGN_IDENTITY[sdk=iphoneos*]" = "iPhone Developer";
				COPY_PHASE_STRIP = NO;
				ENABLE_STRICT_OBJC_MSGSEND = YES;
				GCC_C_LANGUAGE_STANDARD = gnu99;
				GCC_DYNAMIC_NO_PIC = NO;
				GCC_OPTIMIZATION_LEVEL = 0;
				GCC_PREPROCESSOR_DEFINITIONS = (
					"DEBUG=1",
					"$(inherited)",
				);
				GCC_SYMBOLS_PRIVATE_EXTERN = NO;
				GCC_WARN_64_TO_32_BIT_CONVERSION = YES;
				GCC_WARN_ABOUT_RETURN_TYPE = YES_ERROR;
				GCC_WARN_UNDECLARED_SELECTOR = YES;
				GCC_WARN_UNINITIALIZED_AUTOS = YES_AGGRESSIVE;
				GCC_WARN_UNUSED_FUNCTION = YES;
				GCC_WARN_UNUSED_VARIABLE = YES;
				IPHONEOS_DEPLOYMENT_TARGET = 8.1;
				MTL_ENABLE_DEBUG_INFO = YES;
				ONLY_ACTIVE_ARCH = YES;
				SDKROOT = iphoneos;
				SWIFT_OPTIMIZATION_LEVEL = "-Onone";
			};
			name = Debug;
		};
		9C01873F1A9E8B2C00A83296 /* Release */ = {
			isa = XCBuildConfiguration;
			buildSettings = {
				ALWAYS_SEARCH_USER_PATHS = NO;
				CLANG_CXX_LANGUAGE_STANDARD = "gnu++0x";
				CLANG_CXX_LIBRARY = "libc++";
				CLANG_ENABLE_MODULES = YES;
				CLANG_ENABLE_OBJC_ARC = YES;
				CLANG_WARN_BOOL_CONVERSION = YES;
				CLANG_WARN_CONSTANT_CONVERSION = YES;
				CLANG_WARN_DIRECT_OBJC_ISA_USAGE = YES_ERROR;
				CLANG_WARN_EMPTY_BODY = YES;
				CLANG_WARN_ENUM_CONVERSION = YES;
				CLANG_WARN_INT_CONVERSION = YES;
				CLANG_WARN_OBJC_ROOT_CLASS = YES_ERROR;
				CLANG_WARN_UNREACHABLE_CODE = YES;
				CLANG_WARN__DUPLICATE_METHOD_MATCH = YES;
				"CODE_SIGN_IDENTITY[sdk=iphoneos*]" = "iPhone Developer";
				COPY_PHASE_STRIP = YES;
				ENABLE_NS_ASSERTIONS = NO;
				ENABLE_STRICT_OBJC_MSGSEND = YES;
				GCC_C_LANGUAGE_STANDARD = gnu99;
				GCC_WARN_64_TO_32_BIT_CONVERSION = YES;
				GCC_WARN_ABOUT_RETURN_TYPE = YES_ERROR;
				GCC_WARN_UNDECLARED_SELECTOR = YES;
				GCC_WARN_UNINITIALIZED_AUTOS = YES_AGGRESSIVE;
				GCC_WARN_UNUSED_FUNCTION = YES;
				GCC_WARN_UNUSED_VARIABLE = YES;
				IPHONEOS_DEPLOYMENT_TARGET = 8.1;
				MTL_ENABLE_DEBUG_INFO = NO;
				SDKROOT = iphoneos;
				VALIDATE_PRODUCT = YES;
			};
			name = Release;
		};
		9C0187411A9E8B2C00A83296 /* Debug */ = {
			isa = XCBuildConfiguration;
			baseConfigurationReference = 92AE47C6F016E40F07B7A763 /* Pods.debug.xcconfig */;
			buildSettings = {
				ASSETCATALOG_COMPILER_APPICON_NAME = AppIcon;
				INFOPLIST_FILE = quizme/Info.plist;
				LD_RUNPATH_SEARCH_PATHS = "$(inherited) @executable_path/Frameworks";
				PRODUCT_NAME = "$(TARGET_NAME)";
			};
			name = Debug;
		};
		9C0187421A9E8B2C00A83296 /* Release */ = {
			isa = XCBuildConfiguration;
			baseConfigurationReference = 561C33AA5AAFD6B8F48D7CDD /* Pods.release.xcconfig */;
			buildSettings = {
				ASSETCATALOG_COMPILER_APPICON_NAME = AppIcon;
				INFOPLIST_FILE = quizme/Info.plist;
				LD_RUNPATH_SEARCH_PATHS = "$(inherited) @executable_path/Frameworks";
				PRODUCT_NAME = "$(TARGET_NAME)";
			};
			name = Release;
		};
		9C0187441A9E8B2C00A83296 /* Debug */ = {
			isa = XCBuildConfiguration;
			buildSettings = {
				BUNDLE_LOADER = "$(TEST_HOST)";
				FRAMEWORK_SEARCH_PATHS = (
					"$(SDKROOT)/Developer/Library/Frameworks",
					"$(inherited)",
				);
				GCC_PREPROCESSOR_DEFINITIONS = (
					"DEBUG=1",
					"$(inherited)",
				);
				INFOPLIST_FILE = quizmeTests/Info.plist;
				LD_RUNPATH_SEARCH_PATHS = "$(inherited) @executable_path/Frameworks @loader_path/Frameworks";
				PRODUCT_NAME = "$(TARGET_NAME)";
				TEST_HOST = "$(BUILT_PRODUCTS_DIR)/quizme.app/quizme";
			};
			name = Debug;
		};
		9C0187451A9E8B2C00A83296 /* Release */ = {
			isa = XCBuildConfiguration;
			buildSettings = {
				BUNDLE_LOADER = "$(TEST_HOST)";
				FRAMEWORK_SEARCH_PATHS = (
					"$(SDKROOT)/Developer/Library/Frameworks",
					"$(inherited)",
				);
				INFOPLIST_FILE = quizmeTests/Info.plist;
				LD_RUNPATH_SEARCH_PATHS = "$(inherited) @executable_path/Frameworks @loader_path/Frameworks";
				PRODUCT_NAME = "$(TARGET_NAME)";
				TEST_HOST = "$(BUILT_PRODUCTS_DIR)/quizme.app/quizme";
			};
			name = Release;
		};
/* End XCBuildConfiguration section */

/* Begin XCConfigurationList section */
		9C01871C1A9E8B2B00A83296 /* Build configuration list for PBXProject "quizme" */ = {
			isa = XCConfigurationList;
			buildConfigurations = (
				9C01873E1A9E8B2C00A83296 /* Debug */,
				9C01873F1A9E8B2C00A83296 /* Release */,
			);
			defaultConfigurationIsVisible = 0;
			defaultConfigurationName = Release;
		};
		9C0187401A9E8B2C00A83296 /* Build configuration list for PBXNativeTarget "quizme" */ = {
			isa = XCConfigurationList;
			buildConfigurations = (
				9C0187411A9E8B2C00A83296 /* Debug */,
				9C0187421A9E8B2C00A83296 /* Release */,
			);
			defaultConfigurationIsVisible = 0;
			defaultConfigurationName = Release;
		};
		9C0187431A9E8B2C00A83296 /* Build configuration list for PBXNativeTarget "quizmeTests" */ = {
			isa = XCConfigurationList;
			buildConfigurations = (
				9C0187441A9E8B2C00A83296 /* Debug */,
				9C0187451A9E8B2C00A83296 /* Release */,
			);
			defaultConfigurationIsVisible = 0;
			defaultConfigurationName = Release;
		};
/* End XCConfigurationList section */
	};
	rootObject = 9C0187191A9E8B2B00A83296 /* Project object */;
}
